
Microsoft Visual Studio Solution File, Format Version 12.00
# Visual Studio Version 16
VisualStudioVersion = 16.0.29020.237
MinimumVisualStudioVersion = 10.0.40219.1
Project("{FAE04EC0-301F-11D3-BF4B-00C04F79EFBC}") = "PurchaseOrderModule", "PurchaseOrderModule.csproj", "{7B428718-66BB-4442-B06C-26340DA76E29}"
EndProject
Global
	GlobalSection(SolutionConfigurationPlatforms) = preSolution
		Debug|Any CPU = Debug|Any CPU
		Release|Any CPU = Release|Any CPU
	EndGlobalSection
	GlobalSection(ProjectConfigurationPlatforms) = postSolution
		{7B428718-66BB-4442-B06C-26340DA76E29}.Debug|Any CPU.ActiveCfg = Debug|Any CPU
		{7B428718-66BB-4442-B06C-26340DA76E29}.Debug|Any CPU.Build.0 = Debug|Any CPU
		{7B428718-66BB-4442-B06C-26340DA76E29}.Release|Any CPU.ActiveCfg = Release|Any CPU
		{7B428718-66BB-4442-B06C-26340DA76E29}.Release|Any CPU.Build.0 = Release|Any CPU
	EndGlobalSection
	GlobalSection(SolutionProperties) = preSolution
		HideSolutionNode = FALSE
	EndGlobalSection
	GlobalSection(ExtensibilityGlobals) = postSolution
		SolutionGuid = {35BAF3CF-4953-41C7-A037-37B1A80F53B7}
	EndGlobalSection
EndGlobal
